
Microsoft Visual Studio Solution File, Format Version 12.00
# Visual Studio 15
Project("{FAE04EC0-301F-11D3-BF4B-00C04F79EFBC}") = "ppk_projekt", "ppk_projekt.csproj", "{B121DFED-8DA6-47E3-A409-EBA0FC113B2A}"
EndProject
Global
	GlobalSection(SolutionConfigurationPlatforms) = preSolution
		Debug|anycpu = Debug|anycpu
		Release|anycpu = Release|anycpu
	EndGlobalSection
	GlobalSection(ProjectConfigurationPlatforms) = postSolution
		{B121DFED-8DA6-47E3-A409-EBA0FC113B2A}.Debug|anycpu.ActiveCfg = Debug|anycpu
		{B121DFED-8DA6-47E3-A409-EBA0FC113B2A}.Debug|anycpu.Build.0 = Debug|anycpu
		{B121DFED-8DA6-47E3-A409-EBA0FC113B2A}.Release|anycpu.ActiveCfg = Release|anycpu
		{B121DFED-8DA6-47E3-A409-EBA0FC113B2A}.Release|anycpu.Build.0 = Release|anycpu
	EndGlobalSection
EndGlobal
